
Microsoft Visual Studio Solution File, Format Version 12.00
# Visual Studio 2013
VisualStudioVersion = 12.0.30501.0
MinimumVisualStudioVersion = 10.0.40219.1
Project("{FAE04EC0-301F-11D3-BF4B-00C04F79EFBC}") = "Nettbutikkprosjekt", "Nettbutikkprosjekt\Nettbutikkprosjekt.csproj", "{1AAB8319-77D6-4CD8-9078-432274492D31}"
EndProject
Project("{FAE04EC0-301F-11D3-BF4B-00C04F79EFBC}") = "DAL", "DAL\DAL.csproj", "{C6AAE7E8-70E6-4A00-9259-59A2D8410474}"
EndProject
Project("{FAE04EC0-301F-11D3-BF4B-00C04F79EFBC}") = "BLL", "BLL\BLL.csproj", "{BF981D24-7FD5-4A71-936F-6EF476892BD1}"
EndProject
Project("{FAE04EC0-301F-11D3-BF4B-00C04F79EFBC}") = "Model", "Model\Model.csproj", "{1477AA36-85CC-4068-905A-F992D90AFAF8}"
EndProject
Global
	GlobalSection(SolutionConfigurationPlatforms) = preSolution
		Debug|Any CPU = Debug|Any CPU
		Release|Any CPU = Release|Any CPU
	EndGlobalSection
	GlobalSection(ProjectConfigurationPlatforms) = postSolution
		{1AAB8319-77D6-4CD8-9078-432274492D31}.Debug|Any CPU.ActiveCfg = Debug|Any CPU
		{1AAB8319-77D6-4CD8-9078-432274492D31}.Debug|Any CPU.Build.0 = Debug|Any CPU
		{1AAB8319-77D6-4CD8-9078-432274492D31}.Release|Any CPU.ActiveCfg = Release|Any CPU
		{1AAB8319-77D6-4CD8-9078-432274492D31}.Release|Any CPU.Build.0 = Release|Any CPU
		{C6AAE7E8-70E6-4A00-9259-59A2D8410474}.Debug|Any CPU.ActiveCfg = Debug|Any CPU
		{C6AAE7E8-70E6-4A00-9259-59A2D8410474}.Debug|Any CPU.Build.0 = Debug|Any CPU
		{C6AAE7E8-70E6-4A00-9259-59A2D8410474}.Release|Any CPU.ActiveCfg = Release|Any CPU
		{C6AAE7E8-70E6-4A00-9259-59A2D8410474}.Release|Any CPU.Build.0 = Release|Any CPU
		{BF981D24-7FD5-4A71-936F-6EF476892BD1}.Debug|Any CPU.ActiveCfg = Debug|Any CPU
		{BF981D24-7FD5-4A71-936F-6EF476892BD1}.Debug|Any CPU.Build.0 = Debug|Any CPU
		{BF981D24-7FD5-4A71-936F-6EF476892BD1}.Release|Any CPU.ActiveCfg = Release|Any CPU
		{BF981D24-7FD5-4A71-936F-6EF476892BD1}.Release|Any CPU.Build.0 = Release|Any CPU
		{1477AA36-85CC-4068-905A-F992D90AFAF8}.Debug|Any CPU.ActiveCfg = Debug|Any CPU
		{1477AA36-85CC-4068-905A-F992D90AFAF8}.Debug|Any CPU.Build.0 = Debug|Any CPU
		{1477AA36-85CC-4068-905A-F992D90AFAF8}.Release|Any CPU.ActiveCfg = Release|Any CPU
		{1477AA36-85CC-4068-905A-F992D90AFAF8}.Release|Any CPU.Build.0 = Release|Any CPU
	EndGlobalSection
	GlobalSection(SolutionProperties) = preSolution
		HideSolutionNode = FALSE
	EndGlobalSection
EndGlobal
